
Microsoft Visual Studio Solution File, Format Version 12.00
# Visual Studio Version 16
VisualStudioVersion = 16.0.29709.97
MinimumVisualStudioVersion = 10.0.40219.1
Project("{FAE04EC0-301F-11D3-BF4B-00C04F79EFBC}") = "BusinessLayer", "BusinessLayer\BusinessLayer.csproj", "{71EE7EF8-F57B-4A9F-AA27-586DBE592ACF}"
EndProject
Project("{FAE04EC0-301F-11D3-BF4B-00C04F79EFBC}") = "DataLayer", "DataLayer\DataLayer.csproj", "{FAD76F8A-B277-4726-BEE2-040AC4E48E92}"
EndProject
Project("{FAE04EC0-301F-11D3-BF4B-00C04F79EFBC}") = "ExceptionHandler", "ExceptionHandler\ExceptionHandler.csproj", "{1FE7B198-1DEB-45C4-998C-9FDAEEE4C72E}"
EndProject
Project("{FAE04EC0-301F-11D3-BF4B-00C04F79EFBC}") = "FacadeLayer", "FacadeLayer\FacadeLayer.csproj", "{8C5DD73E-18F0-4AFE-9225-C0C54F686DEA}"
EndProject
Project("{FAE04EC0-301F-11D3-BF4B-00C04F79EFBC}") = "Globals", "Globals\Globals.csproj", "{CD3F3209-91EB-4C82-817D-AEF0A0D6874C}"
EndProject
Project("{FAE04EC0-301F-11D3-BF4B-00C04F79EFBC}") = "GotDotNet.ApplicationBlocks.Data", "GotDotNet.ApplicationBlocks.Data\GotDotNet.ApplicationBlocks.Data.csproj", "{83F2394E-C68A-457C-B660-9184FE5C7580}"
EndProject
Project("{FAE04EC0-301F-11D3-BF4B-00C04F79EFBC}") = "Matrix.Infrastructure.GenericDal", "Matrix.Infrastructure.GenericDal\Matrix.Infrastructure.GenericDal.csproj", "{D15CBACB-A83A-4DBD-99FA-29985178B371}"
EndProject
Project("{FAE04EC0-301F-11D3-BF4B-00C04F79EFBC}") = "Microsoft.ApplicationBlocks.ExceptionManagement", "Microsoft.ApplicationBlocks.ExceptionManagement\Microsoft.ApplicationBlocks.ExceptionManagement.csproj", "{386CBF50-F4A9-4F05-98CB-B387D2D8F357}"
EndProject
Project("{FAE04EC0-301F-11D3-BF4B-00C04F79EFBC}") = "Microsoft.ApplicationBlocks.ExceptionManagement.Interfaces", "Microsoft.ApplicationBlocks.ExceptionManagement.Interfaces\Microsoft.ApplicationBlocks.ExceptionManagement.Interfaces.csproj", "{5F25F8C2-DA02-46C6-A6CA-01E719EAD35D}"
EndProject
Project("{00D1A9C2-B5F0-4AF3-8072-F6C62B433612}") = "SeferDB", "SeferDB\SeferDB.sqlproj", "{73889E94-B048-4B99-BF7B-A5584A0A6116}"
EndProject
Project("{FAE04EC0-301F-11D3-BF4B-00C04F79EFBC}") = "Clalit.SeferNet.EntitiesDal", "Clalit.SeferNet.EntitiesDal\Clalit.SeferNet.EntitiesDal.csproj", "{8616B5AC-9F11-4C8B-ABD0-C0D09BE13F47}"
EndProject
Project("{FAE04EC0-301F-11D3-BF4B-00C04F79EFBC}") = "Clalit.SeferNet.EntitiesBL", "Clalit.SeferNet.EntitiesBL\Clalit.SeferNet.EntitiesBL.csproj", "{55796E41-A395-4158-BC16-F8B4A675196B}"
EndProject
Project("{FAE04EC0-301F-11D3-BF4B-00C04F79EFBC}") = "Clalit.SeferNet.Services", "Clalit.SeferNet.Services\Clalit.SeferNet.Services.csproj", "{BE43799C-1EF3-4363-8854-85FD30806049}"
EndProject
Project("{FAE04EC0-301F-11D3-BF4B-00C04F79EFBC}") = "EFExtensions", "EFExtensions\EFExtensions.csproj", "{3B7B86B0-9ABB-44C0-A10D-1373CB2EA9B1}"
EndProject
Project("{FAE04EC0-301F-11D3-BF4B-00C04F79EFBC}") = "Clalit.SeferNet.Entities", "Clalit.SeferNet.Entities\Clalit.SeferNet.Entities.csproj", "{055798E6-844A-40C5-A6DE-901FA2E976FF}"
EndProject
Project("{FAE04EC0-301F-11D3-BF4B-00C04F79EFBC}") = "SeferNet.UI.Apps", "SeferNet.UI.Apps\SeferNet.UI.Apps.csproj", "{CD811306-7F95-4CBB-BEFD-28AA6214994F}"
EndProject
Project("{2150E333-8FDC-42A3-9474-1A3956D46DE8}") = "Solution Items", "Solution Items", "{BB7008A0-FB7B-48C8-B827-7FBF1806EE30}"
EndProject
Global
	GlobalSection(SolutionConfigurationPlatforms) = preSolution
		DEBUG_NOTLOGIN|Any CPU = DEBUG_NOTLOGIN|Any CPU
		Debug|Any CPU = Debug|Any CPU
		DebugLocal|Any CPU = DebugLocal|Any CPU
		Release|Any CPU = Release|Any CPU
	EndGlobalSection
	GlobalSection(ProjectConfigurationPlatforms) = postSolution
		{71EE7EF8-F57B-4A9F-AA27-586DBE592ACF}.DEBUG_NOTLOGIN|Any CPU.ActiveCfg = Debug|Any CPU
		{71EE7EF8-F57B-4A9F-AA27-586DBE592ACF}.DEBUG_NOTLOGIN|Any CPU.Build.0 = Debug|Any CPU
		{71EE7EF8-F57B-4A9F-AA27-586DBE592ACF}.Debug|Any CPU.ActiveCfg = Debug|Any CPU
		{71EE7EF8-F57B-4A9F-AA27-586DBE592ACF}.Debug|Any CPU.Build.0 = Debug|Any CPU
		{71EE7EF8-F57B-4A9F-AA27-586DBE592ACF}.DebugLocal|Any CPU.ActiveCfg = Debug|Any CPU
		{71EE7EF8-F57B-4A9F-AA27-586DBE592ACF}.DebugLocal|Any CPU.Build.0 = Debug|Any CPU
		{71EE7EF8-F57B-4A9F-AA27-586DBE592ACF}.Release|Any CPU.ActiveCfg = Release|Any CPU
		{71EE7EF8-F57B-4A9F-AA27-586DBE592ACF}.Release|Any CPU.Build.0 = Release|Any CPU
		{FAD76F8A-B277-4726-BEE2-040AC4E48E92}.DEBUG_NOTLOGIN|Any CPU.ActiveCfg = Debug|Any CPU
		{FAD76F8A-B277-4726-BEE2-040AC4E48E92}.DEBUG_NOTLOGIN|Any CPU.Build.0 = Debug|Any CPU
		{FAD76F8A-B277-4726-BEE2-040AC4E48E92}.Debug|Any CPU.ActiveCfg = Debug|Any CPU
		{FAD76F8A-B277-4726-BEE2-040AC4E48E92}.Debug|Any CPU.Build.0 = Debug|Any CPU
		{FAD76F8A-B277-4726-BEE2-040AC4E48E92}.DebugLocal|Any CPU.ActiveCfg = Debug|Any CPU
		{FAD76F8A-B277-4726-BEE2-040AC4E48E92}.DebugLocal|Any CPU.Build.0 = Debug|Any CPU
		{FAD76F8A-B277-4726-BEE2-040AC4E48E92}.Release|Any CPU.ActiveCfg = Release|Any CPU
		{FAD76F8A-B277-4726-BEE2-040AC4E48E92}.Release|Any CPU.Build.0 = Release|Any CPU
		{1FE7B198-1DEB-45C4-998C-9FDAEEE4C72E}.DEBUG_NOTLOGIN|Any CPU.ActiveCfg = Debug|Any CPU
		{1FE7B198-1DEB-45C4-998C-9FDAEEE4C72E}.DEBUG_NOTLOGIN|Any CPU.Build.0 = Debug|Any CPU
		{1FE7B198-1DEB-45C4-998C-9FDAEEE4C72E}.Debug|Any CPU.ActiveCfg = Debug|Any CPU
		{1FE7B198-1DEB-45C4-998C-9FDAEEE4C72E}.Debug|Any CPU.Build.0 = Debug|Any CPU
		{1FE7B198-1DEB-45C4-998C-9FDAEEE4C72E}.DebugLocal|Any CPU.ActiveCfg = Debug|Any CPU
		{1FE7B198-1DEB-45C4-998C-9FDAEEE4C72E}.Release|Any CPU.ActiveCfg = Release|Any CPU
		{1FE7B198-1DEB-45C4-998C-9FDAEEE4C72E}.Release|Any CPU.Build.0 = Release|Any CPU
		{8C5DD73E-18F0-4AFE-9225-C0C54F686DEA}.DEBUG_NOTLOGIN|Any CPU.ActiveCfg = Debug|Any CPU
		{8C5DD73E-18F0-4AFE-9225-C0C54F686DEA}.DEBUG_NOTLOGIN|Any CPU.Build.0 = Debug|Any CPU
		{8C5DD73E-18F0-4AFE-9225-C0C54F686DEA}.Debug|Any CPU.ActiveCfg = Debug|Any CPU
		{8C5DD73E-18F0-4AFE-9225-C0C54F686DEA}.Debug|Any CPU.Build.0 = Debug|Any CPU
		{8C5DD73E-18F0-4AFE-9225-C0C54F686DEA}.DebugLocal|Any CPU.ActiveCfg = Debug|Any CPU
		{8C5DD73E-18F0-4AFE-9225-C0C54F686DEA}.DebugLocal|Any CPU.Build.0 = Debug|Any CPU
		{8C5DD73E-18F0-4AFE-9225-C0C54F686DEA}.Release|Any CPU.ActiveCfg = Release|Any CPU
		{8C5DD73E-18F0-4AFE-9225-C0C54F686DEA}.Release|Any CPU.Build.0 = Release|Any CPU
		{CD3F3209-91EB-4C82-817D-AEF0A0D6874C}.DEBUG_NOTLOGIN|Any CPU.ActiveCfg = Debug|Any CPU
		{CD3F3209-91EB-4C82-817D-AEF0A0D6874C}.DEBUG_NOTLOGIN|Any CPU.Build.0 = Debug|Any CPU
		{CD3F3209-91EB-4C82-817D-AEF0A0D6874C}.Debug|Any CPU.ActiveCfg = Debug|Any CPU
		{CD3F3209-91EB-4C82-817D-AEF0A0D6874C}.Debug|Any CPU.Build.0 = Debug|Any CPU
		{CD3F3209-91EB-4C82-817D-AEF0A0D6874C}.DebugLocal|Any CPU.ActiveCfg = Debug|Any CPU
		{CD3F3209-91EB-4C82-817D-AEF0A0D6874C}.DebugLocal|Any CPU.Build.0 = Debug|Any CPU
		{CD3F3209-91EB-4C82-817D-AEF0A0D6874C}.Release|Any CPU.ActiveCfg = Release|Any CPU
		{CD3F3209-91EB-4C82-817D-AEF0A0D6874C}.Release|Any CPU.Build.0 = Release|Any CPU
		{83F2394E-C68A-457C-B660-9184FE5C7580}.DEBUG_NOTLOGIN|Any CPU.ActiveCfg = DEBUG_NOTLOGIN|Any CPU
		{83F2394E-C68A-457C-B660-9184FE5C7580}.DEBUG_NOTLOGIN|Any CPU.Build.0 = DEBUG_NOTLOGIN|Any CPU
		{83F2394E-C68A-457C-B660-9184FE5C7580}.Debug|Any CPU.ActiveCfg = Debug|Any CPU
		{83F2394E-C68A-457C-B660-9184FE5C7580}.Debug|Any CPU.Build.0 = Debug|Any CPU
		{83F2394E-C68A-457C-B660-9184FE5C7580}.DebugLocal|Any CPU.ActiveCfg = DEBUG_NOTLOGIN|Any CPU
		{83F2394E-C68A-457C-B660-9184FE5C7580}.DebugLocal|Any CPU.Build.0 = DEBUG_NOTLOGIN|Any CPU
		{83F2394E-C68A-457C-B660-9184FE5C7580}.Release|Any CPU.ActiveCfg = Release|Any CPU
		{83F2394E-C68A-457C-B660-9184FE5C7580}.Release|Any CPU.Build.0 = Release|Any CPU
		{D15CBACB-A83A-4DBD-99FA-29985178B371}.DEBUG_NOTLOGIN|Any CPU.ActiveCfg = DEBUG_NOTLOGIN|Any CPU
		{D15CBACB-A83A-4DBD-99FA-29985178B371}.DEBUG_NOTLOGIN|Any CPU.Build.0 = DEBUG_NOTLOGIN|Any CPU
		{D15CBACB-A83A-4DBD-99FA-29985178B371}.Debug|Any CPU.ActiveCfg = Debug|Any CPU
		{D15CBACB-A83A-4DBD-99FA-29985178B371}.Debug|Any CPU.Build.0 = Debug|Any CPU
		{D15CBACB-A83A-4DBD-99FA-29985178B371}.DebugLocal|Any CPU.ActiveCfg = DEBUG_NOTLOGIN|Any CPU
		{D15CBACB-A83A-4DBD-99FA-29985178B371}.DebugLocal|Any CPU.Build.0 = DEBUG_NOTLOGIN|Any CPU
		{D15CBACB-A83A-4DBD-99FA-29985178B371}.Release|Any CPU.ActiveCfg = Release|Any CPU
		{D15CBACB-A83A-4DBD-99FA-29985178B371}.Release|Any CPU.Build.0 = Release|Any CPU
		{386CBF50-F4A9-4F05-98CB-B387D2D8F357}.DEBUG_NOTLOGIN|Any CPU.ActiveCfg = DEBUG_NOTLOGIN|Any CPU
		{386CBF50-F4A9-4F05-98CB-B387D2D8F357}.DEBUG_NOTLOGIN|Any CPU.Build.0 = DEBUG_NOTLOGIN|Any CPU
		{386CBF50-F4A9-4F05-98CB-B387D2D8F357}.Debug|Any CPU.ActiveCfg = Debug|Any CPU
		{386CBF50-F4A9-4F05-98CB-B387D2D8F357}.Debug|Any CPU.Build.0 = Debug|Any CPU
		{386CBF50-F4A9-4F05-98CB-B387D2D8F357}.DebugLocal|Any CPU.ActiveCfg = DEBUG_NOTLOGIN|Any CPU
		{386CBF50-F4A9-4F05-98CB-B387D2D8F357}.DebugLocal|Any CPU.Build.0 = DEBUG_NOTLOGIN|Any CPU
		{386CBF50-F4A9-4F05-98CB-B387D2D8F357}.Release|Any CPU.ActiveCfg = Release|Any CPU
		{386CBF50-F4A9-4F05-98CB-B387D2D8F357}.Release|Any CPU.Build.0 = Release|Any CPU
		{5F25F8C2-DA02-46C6-A6CA-01E719EAD35D}.DEBUG_NOTLOGIN|Any CPU.ActiveCfg = DEBUG_NOTLOGIN|Any CPU
		{5F25F8C2-DA02-46C6-A6CA-01E719EAD35D}.DEBUG_NOTLOGIN|Any CPU.Build.0 = DEBUG_NOTLOGIN|Any CPU
		{5F25F8C2-DA02-46C6-A6CA-01E719EAD35D}.Debug|Any CPU.ActiveCfg = Debug|Any CPU
		{5F25F8C2-DA02-46C6-A6CA-01E719EAD35D}.Debug|Any CPU.Build.0 = Debug|Any CPU
		{5F25F8C2-DA02-46C6-A6CA-01E719EAD35D}.DebugLocal|Any CPU.ActiveCfg = DEBUG_NOTLOGIN|Any CPU
		{5F25F8C2-DA02-46C6-A6CA-01E719EAD35D}.DebugLocal|Any CPU.Build.0 = DEBUG_NOTLOGIN|Any CPU
		{5F25F8C2-DA02-46C6-A6CA-01E719EAD35D}.Release|Any CPU.ActiveCfg = Release|Any CPU
		{5F25F8C2-DA02-46C6-A6CA-01E719EAD35D}.Release|Any CPU.Build.0 = Release|Any CPU
		{73889E94-B048-4B99-BF7B-A5584A0A6116}.DEBUG_NOTLOGIN|Any CPU.ActiveCfg = Debug|Any CPU
		{73889E94-B048-4B99-BF7B-A5584A0A6116}.Debug|Any CPU.ActiveCfg = Debug|Any CPU
		{73889E94-B048-4B99-BF7B-A5584A0A6116}.DebugLocal|Any CPU.ActiveCfg = Debug|Any CPU
		{73889E94-B048-4B99-BF7B-A5584A0A6116}.Release|Any CPU.ActiveCfg = Release|Any CPU
		{8616B5AC-9F11-4C8B-ABD0-C0D09BE13F47}.DEBUG_NOTLOGIN|Any CPU.ActiveCfg = Debug|Any CPU
		{8616B5AC-9F11-4C8B-ABD0-C0D09BE13F47}.DEBUG_NOTLOGIN|Any CPU.Build.0 = Debug|Any CPU
		{8616B5AC-9F11-4C8B-ABD0-C0D09BE13F47}.Debug|Any CPU.ActiveCfg = Debug|Any CPU
		{8616B5AC-9F11-4C8B-ABD0-C0D09BE13F47}.Debug|Any CPU.Build.0 = Debug|Any CPU
		{8616B5AC-9F11-4C8B-ABD0-C0D09BE13F47}.DebugLocal|Any CPU.ActiveCfg = Debug|Any CPU
		{8616B5AC-9F11-4C8B-ABD0-C0D09BE13F47}.DebugLocal|Any CPU.Build.0 = Debug|Any CPU
		{8616B5AC-9F11-4C8B-ABD0-C0D09BE13F47}.Release|Any CPU.ActiveCfg = Release|Any CPU
		{8616B5AC-9F11-4C8B-ABD0-C0D09BE13F47}.Release|Any CPU.Build.0 = Release|Any CPU
		{55796E41-A395-4158-BC16-F8B4A675196B}.DEBUG_NOTLOGIN|Any CPU.ActiveCfg = Debug|Any CPU
		{55796E41-A395-4158-BC16-F8B4A675196B}.DEBUG_NOTLOGIN|Any CPU.Build.0 = Debug|Any CPU
		{55796E41-A395-4158-BC16-F8B4A675196B}.Debug|Any CPU.ActiveCfg = Debug|Any CPU
		{55796E41-A395-4158-BC16-F8B4A675196B}.Debug|Any CPU.Build.0 = Debug|Any CPU
		{55796E41-A395-4158-BC16-F8B4A675196B}.DebugLocal|Any CPU.ActiveCfg = Debug|Any CPU
		{55796E41-A395-4158-BC16-F8B4A675196B}.DebugLocal|Any CPU.Build.0 = Debug|Any CPU
		{55796E41-A395-4158-BC16-F8B4A675196B}.Release|Any CPU.ActiveCfg = Release|Any CPU
		{55796E41-A395-4158-BC16-F8B4A675196B}.Release|Any CPU.Build.0 = Release|Any CPU
		{BE43799C-1EF3-4363-8854-85FD30806049}.DEBUG_NOTLOGIN|Any CPU.ActiveCfg = Debug|Any CPU
		{BE43799C-1EF3-4363-8854-85FD30806049}.DEBUG_NOTLOGIN|Any CPU.Build.0 = Debug|Any CPU
		{BE43799C-1EF3-4363-8854-85FD30806049}.Debug|Any CPU.ActiveCfg = Debug|Any CPU
		{BE43799C-1EF3-4363-8854-85FD30806049}.Debug|Any CPU.Build.0 = Debug|Any CPU
		{BE43799C-1EF3-4363-8854-85FD30806049}.DebugLocal|Any CPU.ActiveCfg = Debug|Any CPU
		{BE43799C-1EF3-4363-8854-85FD30806049}.DebugLocal|Any CPU.Build.0 = Debug|Any CPU
		{BE43799C-1EF3-4363-8854-85FD30806049}.Release|Any CPU.ActiveCfg = Release|Any CPU
		{BE43799C-1EF3-4363-8854-85FD30806049}.Release|Any CPU.Build.0 = Release|Any CPU
		{3B7B86B0-9ABB-44C0-A10D-1373CB2EA9B1}.DEBUG_NOTLOGIN|Any CPU.ActiveCfg = Debug|Any CPU
		{3B7B86B0-9ABB-44C0-A10D-1373CB2EA9B1}.DEBUG_NOTLOGIN|Any CPU.Build.0 = Debug|Any CPU
		{3B7B86B0-9ABB-44C0-A10D-1373CB2EA9B1}.Debug|Any CPU.ActiveCfg = Debug|Any CPU
		{3B7B86B0-9ABB-44C0-A10D-1373CB2EA9B1}.Debug|Any CPU.Build.0 = Debug|Any CPU
		{3B7B86B0-9ABB-44C0-A10D-1373CB2EA9B1}.DebugLocal|Any CPU.ActiveCfg = Debug|Any CPU
		{3B7B86B0-9ABB-44C0-A10D-1373CB2EA9B1}.DebugLocal|Any CPU.Build.0 = Debug|Any CPU
		{3B7B86B0-9ABB-44C0-A10D-1373CB2EA9B1}.Release|Any CPU.ActiveCfg = Release|Any CPU
		{3B7B86B0-9ABB-44C0-A10D-1373CB2EA9B1}.Release|Any CPU.Build.0 = Release|Any CPU
		{055798E6-844A-40C5-A6DE-901FA2E976FF}.DEBUG_NOTLOGIN|Any CPU.ActiveCfg = Debug|Any CPU
		{055798E6-844A-40C5-A6DE-901FA2E976FF}.DEBUG_NOTLOGIN|Any CPU.Build.0 = Debug|Any CPU
		{055798E6-844A-40C5-A6DE-901FA2E976FF}.Debug|Any CPU.ActiveCfg = Debug|Any CPU
		{055798E6-844A-40C5-A6DE-901FA2E976FF}.Debug|Any CPU.Build.0 = Debug|Any CPU
		{055798E6-844A-40C5-A6DE-901FA2E976FF}.DebugLocal|Any CPU.ActiveCfg = Debug|Any CPU
		{055798E6-844A-40C5-A6DE-901FA2E976FF}.DebugLocal|Any CPU.Build.0 = Debug|Any CPU
		{055798E6-844A-40C5-A6DE-901FA2E976FF}.Release|Any CPU.ActiveCfg = Release|Any CPU
		{055798E6-844A-40C5-A6DE-901FA2E976FF}.Release|Any CPU.Build.0 = Release|Any CPU
		{CD811306-7F95-4CBB-BEFD-28AA6214994F}.DEBUG_NOTLOGIN|Any CPU.ActiveCfg = Debug|Any CPU
		{CD811306-7F95-4CBB-BEFD-28AA6214994F}.DEBUG_NOTLOGIN|Any CPU.Build.0 = Debug|Any CPU
		{CD811306-7F95-4CBB-BEFD-28AA6214994F}.Debug|Any CPU.ActiveCfg = Debug|Any CPU
		{CD811306-7F95-4CBB-BEFD-28AA6214994F}.Debug|Any CPU.Build.0 = Debug|Any CPU
		{CD811306-7F95-4CBB-BEFD-28AA6214994F}.DebugLocal|Any CPU.ActiveCfg = Debug|Any CPU
		{CD811306-7F95-4CBB-BEFD-28AA6214994F}.DebugLocal|Any CPU.Build.0 = Debug|Any CPU
		{CD811306-7F95-4CBB-BEFD-28AA6214994F}.Release|Any CPU.ActiveCfg = Release|Any CPU
		{CD811306-7F95-4CBB-BEFD-28AA6214994F}.Release|Any CPU.Build.0 = Release|Any CPU
	EndGlobalSection
	GlobalSection(SolutionProperties) = preSolution
		HideSolutionNode = FALSE
	EndGlobalSection
	GlobalSection(ExtensibilityGlobals) = postSolution
		SolutionGuid = {7EADF0C4-CBF4-4F1B-89C2-EC2CD13AA94C}
	EndGlobalSection
EndGlobal
